
Microsoft Visual Studio Solution File, Format Version 12.00
# Visual Studio Version 17
VisualStudioVersion = 17.2.32602.215
MinimumVisualStudioVersion = 10.0.40219.1
Project("{FAE04EC0-301F-11D3-BF4B-00C04F79EFBC}") = "WebScan", "WebScan\WebScan.csproj", "{C01EB624-52BE-4129-A737-D8C96374AF80}"
EndProject
Global
	GlobalSection(SolutionConfigurationPlatforms) = preSolution
		Debug|Any CPU = Debug|Any CPU
		Release|Any CPU = Release|Any CPU
	EndGlobalSection
	GlobalSection(ProjectConfigurationPlatforms) = postSolution
		{C01EB624-52BE-4129-A737-D8C96374AF80}.Debug|Any CPU.ActiveCfg = Debug|Any CPU
		{C01EB624-52BE-4129-A737-D8C96374AF80}.Debug|Any CPU.Build.0 = Debug|Any CPU
		{C01EB624-52BE-4129-A737-D8C96374AF80}.Release|Any CPU.ActiveCfg = Release|Any CPU
		{C01EB624-52BE-4129-A737-D8C96374AF80}.Release|Any CPU.Build.0 = Release|Any CPU
	EndGlobalSection
	GlobalSection(SolutionProperties) = preSolution
		HideSolutionNode = FALSE
	EndGlobalSection
	GlobalSection(ExtensibilityGlobals) = postSolution
		SolutionGuid = {2B354402-E425-47CD-99AA-C59202E91200}
	EndGlobalSection
EndGlobal
